// !$*UTF8*$!
{
	archiveVersion = 1;
	classes = {
	};
	objectVersion = 50;
	objects = {

/* Begin PBXBuildFile section */
		E31BD68121BC7F800092B037 /* darkWood.jpg in Resources */ = {isa = PBXBuildFile; fileRef = E31BD68021BC7F800092B037 /* darkWood.jpg */; };
		E31BD68321BC877B0092B037 /* wood.jpg in Resources */ = {isa = PBXBuildFile; fileRef = E31BD68221BC877B0092B037 /* wood.jpg */; };
		E33A17C621A7295B003CEA9B /* AppDelegate.m in Sources */ = {isa = PBXBuildFile; fileRef = E33A17C521A7295B003CEA9B /* AppDelegate.m */; };
		E33A17CC21A7295B003CEA9B /* Main.storyboard in Resources */ = {isa = PBXBuildFile; fileRef = E33A17CA21A7295B003CEA9B /* Main.storyboard */; };
		E33A17CE21A7295E003CEA9B /* Assets.xcassets in Resources */ = {isa = PBXBuildFile; fileRef = E33A17CD21A7295E003CEA9B /* Assets.xcassets */; };
		E33A17D121A7295E003CEA9B /* LaunchScreen.storyboard in Resources */ = {isa = PBXBuildFile; fileRef = E33A17CF21A7295E003CEA9B /* LaunchScreen.storyboard */; };
		E33A17D421A7295E003CEA9B /* main.m in Sources */ = {isa = PBXBuildFile; fileRef = E33A17D321A7295E003CEA9B /* main.m */; };
		E33A17DE21A7295E003CEA9B /* TilesTests.m in Sources */ = {isa = PBXBuildFile; fileRef = E33A17DD21A7295E003CEA9B /* TilesTests.m */; };
		E33A17E921A7295E003CEA9B /* TilesUITests.m in Sources */ = {isa = PBXBuildFile; fileRef = E33A17E821A7295E003CEA9B /* TilesUITests.m */; };
		E33A17F821A73BF0003CEA9B /* Tiles.m in Sources */ = {isa = PBXBuildFile; fileRef = E33A17F721A73BF0003CEA9B /* Tiles.m */; };
		E33A17FB21A73F64003CEA9B /* MainDisplayViewController.m in Sources */ = {isa = PBXBuildFile; fileRef = E33A17FA21A73F64003CEA9B /* MainDisplayViewController.m */; };
		E386C03821BDD838007FF94F /* NavBarLabels.m in Sources */ = {isa = PBXBuildFile; fileRef = E386C03721BDD838007FF94F /* NavBarLabels.m */; };
		E3EB79BA21D17D8000714089 /* faces.jpg in Resources */ = {isa = PBXBuildFile; fileRef = E3EB79B921D17D7F00714089 /* faces.jpg */; };
		E3EB79BD21D19D2D00714089 /* clipImage.m in Sources */ = {isa = PBXBuildFile; fileRef = E3EB79BC21D19D2D00714089 /* clipImage.m */; };
/* End PBXBuildFile section */

/* Begin PBXContainerItemProxy section */
		E33A17DA21A7295E003CEA9B /* PBXContainerItemProxy */ = {
			isa = PBXContainerItemProxy;
			containerPortal = E33A17B921A7295B003CEA9B /* Project object */;
			proxyType = 1;
			remoteGlobalIDString = E33A17C021A7295B003CEA9B;
			remoteInfo = Tiles;
		};
		E33A17E521A7295E003CEA9B /* PBXContainerItemProxy */ = {
			isa = PBXContainerItemProxy;
			containerPortal = E33A17B921A7295B003CEA9B /* Project object */;
			proxyType = 1;
			remoteGlobalIDString = E33A17C021A7295B003CEA9B;
			remoteInfo = Tiles;
		};
/* End PBXContainerItemProxy section */

/* Begin PBXFileReference section */
		E31BD68021BC7F800092B037 /* darkWood.jpg */ = {isa = PBXFileReference; lastKnownFileType = image.jpeg; path = darkWood.jpg; sourceTree = "<group>"; };
		E31BD68221BC877B0092B037 /* wood.jpg */ = {isa = PBXFileReference; lastKnownFileType = image.jpeg; path = wood.jpg; sourceTree = "<group>"; };
		E33A17C121A7295B003CEA9B /* Tiles.app */ = {isa = PBXFileReference; explicitFileType = wrapper.application; includeInIndex = 0; path = Tiles.app; sourceTree = BUILT_PRODUCTS_DIR; };
		E33A17C421A7295B003CEA9B /* AppDelegate.h */ = {isa = PBXFileReference; lastKnownFileType = sourcecode.c.h; path = AppDelegate.h; sourceTree = "<group>"; };
		E33A17C521A7295B003CEA9B /* AppDelegate.m */ = {isa = PBXFileReference; lastKnownFileType = sourcecode.c.objc; path = AppDelegate.m; sourceTree = "<group>"; };
		E33A17CB21A7295B003CEA9B /* Base */ = {isa = PBXFileReference; lastKnownFileType = file.storyboard; name = Base; path = Base.lproj/Main.storyboard; sourceTree = "<group>"; };
		E33A17CD21A7295E003CEA9B /* Assets.xcassets */ = {isa = PBXFileReference; lastKnownFileType = folder.assetcatalog; path = Assets.xcassets; sourceTree = "<group>"; };
		E33A17D021A7295E003CEA9B /* Base */ = {isa = PBXFileReference; lastKnownFileType = file.storyboard; name = Base; path = Base.lproj/LaunchScreen.storyboard; sourceTree = "<group>"; };
		E33A17D221A7295E003CEA9B /* Info.plist */ = {isa = PBXFileReference; lastKnownFileType = text.plist.xml; path = Info.plist; sourceTree = "<group>"; };
		E33A17D321A7295E003CEA9B /* main.m */ = {isa = PBXFileReference; lastKnownFileType = sourcecode.c.objc; path = main.m; sourceTree = "<group>"; };
		E33A17D921A7295E003CEA9B /* TilesTests.xctest */ = {isa = PBXFileReference; explicitFileType = wrapper.cfbundle; includeInIndex = 0; path = TilesTests.xctest; sourceTree = BUILT_PRODUCTS_DIR; };
		E33A17DD21A7295E003CEA9B /* TilesTests.m */ = {isa = PBXFileReference; lastKnownFileType = sourcecode.c.objc; path = TilesTests.m; sourceTree = "<group>"; };
		E33A17DF21A7295E003CEA9B /* Info.plist */ = {isa = PBXFileReference; lastKnownFileType = text.plist.xml; path = Info.plist; sourceTree = "<group>"; };
		E33A17E421A7295E003CEA9B /* TilesUITests.xctest */ = {isa = PBXFileReference; explicitFileType = wrapper.cfbundle; includeInIndex = 0; path = TilesUITests.xctest; sourceTree = BUILT_PRODUCTS_DIR; };
		E33A17E821A7295E003CEA9B /* TilesUITests.m */ = {isa = PBXFileReference; lastKnownFileType = sourcecode.c.objc; path = TilesUITests.m; sourceTree = "<group>"; };
		E33A17EA21A7295E003CEA9B /* Info.plist */ = {isa = PBXFileReference; lastKnownFileType = text.plist.xml; path = Info.plist; sourceTree = "<group>"; };
		E33A17F621A73BF0003CEA9B /* Tiles.h */ = {isa = PBXFileReference; lastKnownFileType = sourcecode.c.h; path = Tiles.h; sourceTree = "<group>"; };
		E33A17F721A73BF0003CEA9B /* Tiles.m */ = {isa = PBXFileReference; lastKnownFileType = sourcecode.c.objc; path = Tiles.m; sourceTree = "<group>"; };
		E33A17F921A73F64003CEA9B /* MainDisplayViewController.h */ = {isa = PBXFileReference; lastKnownFileType = sourcecode.c.h; path = MainDisplayViewController.h; sourceTree = "<group>"; };
		E33A17FA21A73F64003CEA9B /* MainDisplayViewController.m */ = {isa = PBXFileReference; lastKnownFileType = sourcecode.c.objc; path = MainDisplayViewController.m; sourceTree = "<group>"; };
		E386C03621BDD838007FF94F /* NavBarLabels.h */ = {isa = PBXFileReference; lastKnownFileType = sourcecode.c.h; path = NavBarLabels.h; sourceTree = "<group>"; };
		E386C03721BDD838007FF94F /* NavBarLabels.m */ = {isa = PBXFileReference; lastKnownFileType = sourcecode.c.objc; path = NavBarLabels.m; sourceTree = "<group>"; };
		E3EB79B921D17D7F00714089 /* faces.jpg */ = {isa = PBXFileReference; lastKnownFileType = image.jpeg; path = faces.jpg; sourceTree = "<group>"; };
		E3EB79BB21D19D2C00714089 /* clipImage.h */ = {isa = PBXFileReference; lastKnownFileType = sourcecode.c.h; path = clipImage.h; sourceTree = "<group>"; };
		E3EB79BC21D19D2D00714089 /* clipImage.m */ = {isa = PBXFileReference; lastKnownFileType = sourcecode.c.objc; path = clipImage.m; sourceTree = "<group>"; };
/* End PBXFileReference section */

/* Begin PBXFrameworksBuildPhase section */
		E33A17BE21A7295B003CEA9B /* Frameworks */ = {
			isa = PBXFrameworksBuildPhase;
			buildActionMask = 2147483647;
			files = (
			);
			runOnlyForDeploymentPostprocessing = 0;
		};
		E33A17D621A7295E003CEA9B /* Frameworks */ = {
			isa = PBXFrameworksBuildPhase;
			buildActionMask = 2147483647;
			files = (
			);
			runOnlyForDeploymentPostprocessing = 0;
		};
		E33A17E121A7295E003CEA9B /* Frameworks */ = {
			isa = PBXFrameworksBuildPhase;
			buildActionMask = 2147483647;
			files = (
			);
			runOnlyForDeploymentPostprocessing = 0;
		};
/* End PBXFrameworksBuildPhase section */

/* Begin PBXGroup section */
		E33A17B821A7295B003CEA9B = {
			isa = PBXGroup;
			children = (
				E33A17C321A7295B003CEA9B /* Tiles */,
				E33A17DC21A7295E003CEA9B /* TilesTests */,
				E33A17E721A7295E003CEA9B /* TilesUITests */,
				E33A17C221A7295B003CEA9B /* Products */,
				E31BD68021BC7F800092B037 /* darkWood.jpg */,
				E31BD68221BC877B0092B037 /* wood.jpg */,
				E3EB79B921D17D7F00714089 /* faces.jpg */,
			);
			sourceTree = "<group>";
		};
		E33A17C221A7295B003CEA9B /* Products */ = {
			isa = PBXGroup;
			children = (
				E33A17C121A7295B003CEA9B /* Tiles.app */,
				E33A17D921A7295E003CEA9B /* TilesTests.xctest */,
				E33A17E421A7295E003CEA9B /* TilesUITests.xctest */,
			);
			name = Products;
			sourceTree = "<group>";
		};
		E33A17C321A7295B003CEA9B /* Tiles */ = {
			isa = PBXGroup;
			children = (
				E33A17C421A7295B003CEA9B /* AppDelegate.h */,
				E33A17C521A7295B003CEA9B /* AppDelegate.m */,
				E33A17CA21A7295B003CEA9B /* Main.storyboard */,
				E33A17F921A73F64003CEA9B /* MainDisplayViewController.h */,
				E33A17FA21A73F64003CEA9B /* MainDisplayViewController.m */,
				E3EB79BB21D19D2C00714089 /* clipImage.h */,
				E3EB79BC21D19D2D00714089 /* clipImage.m */,
				E33A17F621A73BF0003CEA9B /* Tiles.h */,
				E33A17F721A73BF0003CEA9B /* Tiles.m */,
				E386C03621BDD838007FF94F /* NavBarLabels.h */,
				E386C03721BDD838007FF94F /* NavBarLabels.m */,
				E33A17CD21A7295E003CEA9B /* Assets.xcassets */,
				E33A17CF21A7295E003CEA9B /* LaunchScreen.storyboard */,
				E33A17D221A7295E003CEA9B /* Info.plist */,
				E33A17D321A7295E003CEA9B /* main.m */,
			);
			path = Tiles;
			sourceTree = "<group>";
		};
		E33A17DC21A7295E003CEA9B /* TilesTests */ = {
			isa = PBXGroup;
			children = (
				E33A17DD21A7295E003CEA9B /* TilesTests.m */,
				E33A17DF21A7295E003CEA9B /* Info.plist */,
			);
			path = TilesTests;
			sourceTree = "<group>";
		};
		E33A17E721A7295E003CEA9B /* TilesUITests */ = {
			isa = PBXGroup;
			children = (
				E33A17E821A7295E003CEA9B /* TilesUITests.m */,
				E33A17EA21A7295E003CEA9B /* Info.plist */,
			);
			path = TilesUITests;
			sourceTree = "<group>";
		};
/* End PBXGroup section */

/* Begin PBXNativeTarget section */
		E33A17C021A7295B003CEA9B /* Tiles */ = {
			isa = PBXNativeTarget;
			buildConfigurationList = E33A17ED21A7295E003CEA9B /* Build configuration list for PBXNativeTarget "Tiles" */;
			buildPhases = (
				E33A17BD21A7295B003CEA9B /* Sources */,
				E33A17BE21A7295B003CEA9B /* Frameworks */,
				E33A17BF21A7295B003CEA9B /* Resources */,
			);
			buildRules = (
			);
			dependencies = (
			);
			name = Tiles;
			productName = Tiles;
			productReference = E33A17C121A7295B003CEA9B /* Tiles.app */;
			productType = "com.apple.product-type.application";
		};
		E33A17D821A7295E003CEA9B /* TilesTests */ = {
			isa = PBXNativeTarget;
			buildConfigurationList = E33A17F021A7295E003CEA9B /* Build configuration list for PBXNativeTarget "TilesTests" */;
			buildPhases = (
				E33A17D521A7295E003CEA9B /* Sources */,
				E33A17D621A7295E003CEA9B /* Frameworks */,
				E33A17D721A7295E003CEA9B /* Resources */,
			);
			buildRules = (
			);
			dependencies = (
				E33A17DB21A7295E003CEA9B /* PBXTargetDependency */,
			);
			name = TilesTests;
			productName = TilesTests;
			productReference = E33A17D921A7295E003CEA9B /* TilesTests.xctest */;
			productType = "com.apple.product-type.bundle.unit-test";
		};
		E33A17E321A7295E003CEA9B /* TilesUITests */ = {
			isa = PBXNativeTarget;
			buildConfigurationList = E33A17F321A7295E003CEA9B /* Build configuration list for PBXNativeTarget "TilesUITests" */;
			buildPhases = (
				E33A17E021A7295E003CEA9B /* Sources */,
				E33A17E121A7295E003CEA9B /* Frameworks */,
				E33A17E221A7295E003CEA9B /* Resources */,
			);
			buildRules = (
			);
			dependencies = (
				E33A17E621A7295E003CEA9B /* PBXTargetDependency */,
			);
			name = TilesUITests;
			productName = TilesUITests;
			productReference = E33A17E421A7295E003CEA9B /* TilesUITests.xctest */;
			productType = "com.apple.product-type.bundle.ui-testing";
		};
/* End PBXNativeTarget section */

/* Begin PBXProject section */
		E33A17B921A7295B003CEA9B /* Project object */ = {
			isa = PBXProject;
			attributes = {
				LastUpgradeCheck = 1010;
				ORGANIZATIONNAME = "AandA Development";
				TargetAttributes = {
					E33A17C021A7295B003CEA9B = {
						CreatedOnToolsVersion = 10.1;
					};
					E33A17D821A7295E003CEA9B = {
						CreatedOnToolsVersion = 10.1;
						TestTargetID = E33A17C021A7295B003CEA9B;
					};
					E33A17E321A7295E003CEA9B = {
						CreatedOnToolsVersion = 10.1;
						TestTargetID = E33A17C021A7295B003CEA9B;
					};
				};
			};
			buildConfigurationList = E33A17BC21A7295B003CEA9B /* Build configuration list for PBXProject "Tiles" */;
			compatibilityVersion = "Xcode 9.3";
			developmentRegion = en;
			hasScannedForEncodings = 0;
			knownRegions = (
				en,
				Base,
			);
			mainGroup = E33A17B821A7295B003CEA9B;
			productRefGroup = E33A17C221A7295B003CEA9B /* Products */;
			projectDirPath = "";
			projectRoot = "";
			targets = (
				E33A17C021A7295B003CEA9B /* Tiles */,
				E33A17D821A7295E003CEA9B /* TilesTests */,
				E33A17E321A7295E003CEA9B /* TilesUITests */,
			);
		};
/* End PBXProject section */

/* Begin PBXResourcesBuildPhase section */
		E33A17BF21A7295B003CEA9B /* Resources */ = {
			isa = PBXResourcesBuildPhase;
			buildActionMask = 2147483647;
			files = (
				E3EB79BA21D17D8000714089 /* faces.jpg in Resources */,
				E33A17D121A7295E003CEA9B /* LaunchScreen.storyboard in Resources */,
				E31BD68321BC877B0092B037 /* wood.jpg in Resources */,
				E33A17CE21A7295E003CEA9B /* Assets.xcassets in Resources */,
				E31BD68121BC7F800092B037 /* darkWood.jpg in Resources */,
				E33A17CC21A7295B003CEA9B /* Main.storyboard in Resources */,
			);
			runOnlyForDeploymentPostprocessing = 0;
		};
		E33A17D721A7295E003CEA9B /* Resources */ = {
			isa = PBXResourcesBuildPhase;
			buildActionMask = 2147483647;
			files = (
			);
			runOnlyForDeploymentPostprocessing = 0;
		};
		E33A17E221A7295E003CEA9B /* Resources */ = {
			isa = PBXResourcesBuildPhase;
			buildActionMask = 2147483647;
			files = (
			);
			runOnlyForDeploymentPostprocessing = 0;
		};
/* End PBXResourcesBuildPhase section */

/* Begin PBXSourcesBuildPhase section */
		E33A17BD21A7295B003CEA9B /* Sources */ = {
			isa = PBXSourcesBuildPhase;
			buildActionMask = 2147483647;
			files = (
				E386C03821BDD838007FF94F /* NavBarLabels.m in Sources */,
				E3EB79BD21D19D2D00714089 /* clipImage.m in Sources */,
				E33A17FB21A73F64003CEA9B /* MainDisplayViewController.m in Sources */,
				E33A17D421A7295E003CEA9B /* main.m in Sources */,
				E33A17C621A7295B003CEA9B /* AppDelegate.m in Sources */,
				E33A17F821A73BF0003CEA9B /* Tiles.m in Sources */,
			);
			runOnlyForDeploymentPostprocessing = 0;
		};
		E33A17D521A7295E003CEA9B /* Sources */ = {
			isa = PBXSourcesBuildPhase;
			buildActionMask = 2147483647;
			files = (
				E33A17DE21A7295E003CEA9B /* TilesTests.m in Sources */,
			);
			runOnlyForDeploymentPostprocessing = 0;
		};
		E33A17E021A7295E003CEA9B /* Sources */ = {
			isa = PBXSourcesBuildPhase;
			buildActionMask = 2147483647;
			files = (
				E33A17E921A7295E003CEA9B /* TilesUITests.m in Sources */,
			);
			runOnlyForDeploymentPostprocessing = 0;
		};
/* End PBXSourcesBuildPhase section */

/* Begin PBXTargetDependency section */
		E33A17DB21A7295E003CEA9B /* PBXTargetDependency */ = {
			isa = PBXTargetDependency;
			target = E33A17C021A7295B003CEA9B /* Tiles */;
			targetProxy = E33A17DA21A7295E003CEA9B /* PBXContainerItemProxy */;
		};
		E33A17E621A7295E003CEA9B /* PBXTargetDependency */ = {
			isa = PBXTargetDependency;
			target = E33A17C021A7295B003CEA9B /* Tiles */;
			targetProxy = E33A17E521A7295E003CEA9B /* PBXContainerItemProxy */;
		};
/* End PBXTargetDependency section */

/* Begin PBXVariantGroup section */
		E33A17CA21A7295B003CEA9B /* Main.storyboard */ = {
			isa = PBXVariantGroup;
			children = (
				E33A17CB21A7295B003CEA9B /* Base */,
			);
			name = Main.storyboard;
			sourceTree = "<group>";
		};
		E33A17CF21A7295E003CEA9B /* LaunchScreen.storyboard */ = {
			isa = PBXVariantGroup;
			children = (
				E33A17D021A7295E003CEA9B /* Base */,
			);
			name = LaunchScreen.storyboard;
			sourceTree = "<group>";
		};
/* End PBXVariantGroup section */

/* Begin XCBuildConfiguration section */
		E33A17EB21A7295E003CEA9B /* Debug */ = {
			isa = XCBuildConfiguration;
			buildSettings = {
				ALWAYS_SEARCH_USER_PATHS = NO;
				CLANG_ANALYZER_NONNULL = YES;
				CLANG_ANALYZER_NUMBER_OBJECT_CONVERSION = YES_AGGRESSIVE;
				CLANG_CXX_LANGUAGE_STANDARD = "gnu++14";
				CLANG_CXX_LIBRARY = "libc++";
				CLANG_ENABLE_MODULES = YES;
				CLANG_ENABLE_OBJC_ARC = YES;
				CLANG_ENABLE_OBJC_WEAK = YES;
				CLANG_WARN_BLOCK_CAPTURE_AUTORELEASING = YES;
				CLANG_WARN_BOOL_CONVERSION = YES;
				CLANG_WARN_COMMA = YES;
				CLANG_WARN_CONSTANT_CONVERSION = YES;
				CLANG_WARN_DEPRECATED_OBJC_IMPLEMENTATIONS = YES;
				CLANG_WARN_DIRECT_OBJC_ISA_USAGE = YES_ERROR;
				CLANG_WARN_DOCUMENTATION_COMMENTS = YES;
				CLANG_WARN_EMPTY_BODY = YES;
				CLANG_WARN_ENUM_CONVERSION = YES;
				CLANG_WARN_INFINITE_RECURSION = YES;
				CLANG_WARN_INT_CONVERSION = YES;
				CLANG_WARN_NON_LITERAL_NULL_CONVERSION = YES;
				CLANG_WARN_OBJC_IMPLICIT_RETAIN_SELF = YES;
				CLANG_WARN_OBJC_LITERAL_CONVERSION = YES;
				CLANG_WARN_OBJC_ROOT_CLASS = YES_ERROR;
				CLANG_WARN_RANGE_LOOP_ANALYSIS = YES;
				CLANG_WARN_STRICT_PROTOTYPES = YES;
				CLANG_WARN_SUSPICIOUS_MOVE = YES;
				CLANG_WARN_UNGUARDED_AVAILABILITY = YES_AGGRESSIVE;
				CLANG_WARN_UNREACHABLE_CODE = YES;
				CLANG_WARN__DUPLICATE_METHOD_MATCH = YES;
				CODE_SIGN_IDENTITY = "iPhone Developer";
				COPY_PHASE_STRIP = NO;
				DEBUG_INFORMATION_FORMAT = dwarf;
				ENABLE_STRICT_OBJC_MSGSEND = YES;
				ENABLE_TESTABILITY = YES;
				GCC_C_LANGUAGE_STANDARD = gnu11;
				GCC_DYNAMIC_NO_PIC = NO;
				GCC_NO_COMMON_BLOCKS = YES;
				GCC_OPTIMIZATION_LEVEL = 0;
				GCC_PREPROCESSOR_DEFINITIONS = (
					"DEBUG=1",
					"$(inherited)",
				);
				GCC_WARN_64_TO_32_BIT_CONVERSION = YES;
				GCC_WARN_ABOUT_RETURN_TYPE = YES_ERROR;
				GCC_WARN_UNDECLARED_SELECTOR = YES;
				GCC_WARN_UNINITIALIZED_AUTOS = YES_AGGRESSIVE;
				GCC_WARN_UNUSED_FUNCTION = YES;
				GCC_WARN_UNUSED_VARIABLE = YES;
				IPHONEOS_DEPLOYMENT_TARGET = 12.1;
				MTL_ENABLE_DEBUG_INFO = INCLUDE_SOURCE;
				MTL_FAST_MATH = YES;
				ONLY_ACTIVE_ARCH = YES;
				SDKROOT = iphoneos;
			};
			name = Debug;
		};
		E33A17EC21A7295E003CEA9B /* Release */ = {
			isa = XCBuildConfiguration;
			buildSettings = {
				ALWAYS_SEARCH_USER_PATHS = NO;
				CLANG_ANALYZER_NONNULL = YES;
				CLANG_ANALYZER_NUMBER_OBJECT_CONVERSION = YES_AGGRESSIVE;
				CLANG_CXX_LANGUAGE_STANDARD = "gnu++14";
				CLANG_CXX_LIBRARY = "libc++";
				CLANG_ENABLE_MODULES = YES;
				CLANG_ENABLE_OBJC_ARC = YES;
				CLANG_ENABLE_OBJC_WEAK = YES;
				CLANG_WARN_BLOCK_CAPTURE_AUTORELEASING = YES;
				CLANG_WARN_BOOL_CONVERSION = YES;
				CLANG_WARN_COMMA = YES;
				CLANG_WARN_CONSTANT_CONVERSION = YES;
				CLANG_WARN_DEPRECATED_OBJC_IMPLEMENTATIONS = YES;
				CLANG_WARN_DIRECT_OBJC_ISA_USAGE = YES_ERROR;
				CLANG_WARN_DOCUMENTATION_COMMENTS = YES;
				CLANG_WARN_EMPTY_BODY = YES;
				CLANG_WARN_ENUM_CONVERSION = YES;
				CLANG_WARN_INFINITE_RECURSION = YES;
				CLANG_WARN_INT_CONVERSION = YES;
				CLANG_WARN_NON_LITERAL_NULL_CONVERSION = YES;
				CLANG_WARN_OBJC_IMPLICIT_RETAIN_SELF = YES;
				CLANG_WARN_OBJC_LITERAL_CONVERSION = YES;
				CLANG_WARN_OBJC_ROOT_CLASS = YES_ERROR;
				CLANG_WARN_RANGE_LOOP_ANALYSIS = YES;
				CLANG_WARN_STRICT_PROTOTYPES = YES;
				CLANG_WARN_SUSPICIOUS_MOVE = YES;
				CLANG_WARN_UNGUARDED_AVAILABILITY = YES_AGGRESSIVE;
				CLANG_WARN_UNREACHABLE_CODE = YES;
				CLANG_WARN__DUPLICATE_METHOD_MATCH = YES;
				CODE_SIGN_IDENTITY = "iPhone Developer";
				COPY_PHASE_STRIP = NO;
				DEBUG_INFORMATION_FORMAT = "dwarf-with-dsym";
				ENABLE_NS_ASSERTIONS = NO;
				ENABLE_STRICT_OBJC_MSGSEND = YES;
				GCC_C_LANGUAGE_STANDARD = gnu11;
				GCC_NO_COMMON_BLOCKS = YES;
				GCC_WARN_64_TO_32_BIT_CONVERSION = YES;
				GCC_WARN_ABOUT_RETURN_TYPE = YES_ERROR;
				GCC_WARN_UNDECLARED_SELECTOR = YES;
				GCC_WARN_UNINITIALIZED_AUTOS = YES_AGGRESSIVE;
				GCC_WARN_UNUSED_FUNCTION = YES;
				GCC_WARN_UNUSED_VARIABLE = YES;
				IPHONEOS_DEPLOYMENT_TARGET = 12.1;
				MTL_ENABLE_DEBUG_INFO = NO;
				MTL_FAST_MATH = YES;
				SDKROOT = iphoneos;
				VALIDATE_PRODUCT = YES;
			};
			name = Release;
		};
		E33A17EE21A7295E003CEA9B /* Debug */ = {
			isa = XCBuildConfiguration;
			buildSettings = {
				ASSETCATALOG_COMPILER_APPICON_NAME = AppIcon;
				CODE_SIGN_IDENTITY = "iPhone Developer";
				CODE_SIGN_STYLE = Automatic;
				DEVELOPMENT_TEAM = 46FKL82M3N;
				INFOPLIST_FILE = Tiles/Info.plist;
				LD_RUNPATH_SEARCH_PATHS = (
					"$(inherited)",
					"@executable_path/Frameworks",
				);
				PRODUCT_BUNDLE_IDENTIFIER = AandA.Tiles;
				PRODUCT_NAME = "$(TARGET_NAME)";
				PROVISIONING_PROFILE_SPECIFIER = "";
				TARGETED_DEVICE_FAMILY = "1,2";
			};
			name = Debug;
		};
		E33A17EF21A7295E003CEA9B /* Release */ = {
			isa = XCBuildConfiguration;
			buildSettings = {
				ASSETCATALOG_COMPILER_APPICON_NAME = AppIcon;
				CODE_SIGN_IDENTITY = "iPhone Developer";
				CODE_SIGN_STYLE = Automatic;
				DEVELOPMENT_TEAM = 46FKL82M3N;
				INFOPLIST_FILE = Tiles/Info.plist;
				LD_RUNPATH_SEARCH_PATHS = (
					"$(inherited)",
					"@executable_path/Frameworks",
				);
				PRODUCT_BUNDLE_IDENTIFIER = AandA.Tiles;
				PRODUCT_NAME = "$(TARGET_NAME)";
				PROVISIONING_PROFILE_SPECIFIER = "";
				TARGETED_DEVICE_FAMILY = "1,2";
			};
			name = Release;
		};
		E33A17F121A7295E003CEA9B /* Debug */ = {
			isa = XCBuildConfiguration;
			buildSettings = {
				BUNDLE_LOADER = "$(TEST_HOST)";
				CODE_SIGN_STYLE = Automatic;
				DEVELOPMENT_TEAM = 46FKL82M3N;
				INFOPLIST_FILE = TilesTests/Info.plist;
				LD_RUNPATH_SEARCH_PATHS = (
					"$(inherited)",
					"@executable_path/Frameworks",
					"@loader_path/Frameworks",
				);
				PRODUCT_BUNDLE_IDENTIFIER = AandA.TilesTests;
				PRODUCT_NAME = "$(TARGET_NAME)";
				TARGETED_DEVICE_FAMILY = "1,2";
				TEST_HOST = "$(BUILT_PRODUCTS_DIR)/Tiles.app/Tiles";
			};
			name = Debug;
		};
		E33A17F221A7295E003CEA9B /* Release */ = {
			isa = XCBuildConfiguration;
			buildSettings = {
				BUNDLE_LOADER = "$(TEST_HOST)";
				CODE_SIGN_STYLE = Automatic;
				DEVELOPMENT_TEAM = 46FKL82M3N;
				INFOPLIST_FILE = TilesTests/Info.plist;
				LD_RUNPATH_SEARCH_PATHS = (
					"$(inherited)",
					"@executable_path/Frameworks",
					"@loader_path/Frameworks",
				);
				PRODUCT_BUNDLE_IDENTIFIER = AandA.TilesTests;
				PRODUCT_NAME = "$(TARGET_NAME)";
				TARGETED_DEVICE_FAMILY = "1,2";
				TEST_HOST = "$(BUILT_PRODUCTS_DIR)/Tiles.app/Tiles";
			};
			name = Release;
		};
		E33A17F421A7295E003CEA9B /* Debug */ = {
			isa = XCBuildConfiguration;
			buildSettings = {
				CODE_SIGN_STYLE = Automatic;
				DEVELOPMENT_TEAM = 46FKL82M3N;
				INFOPLIST_FILE = TilesUITests/Info.plist;
				LD_RUNPATH_SEARCH_PATHS = (
					"$(inherited)",
					"@executable_path/Frameworks",
					"@loader_path/Frameworks",
				);
				PRODUCT_BUNDLE_IDENTIFIER = AandA.TilesUITests;
				PRODUCT_NAME = "$(TARGET_NAME)";
				TARGETED_DEVICE_FAMILY = "1,2";
				TEST_TARGET_NAME = Tiles;
			};
			name = Debug;
		};
		E33A17F521A7295E003CEA9B /* Release */ = {
			isa = XCBuildConfiguration;
			buildSettings = {
				CODE_SIGN_STYLE = Automatic;
				DEVELOPMENT_TEAM = 46FKL82M3N;
				INFOPLIST_FILE = TilesUITests/Info.plist;
				LD_RUNPATH_SEARCH_PATHS = (
					"$(inherited)",
					"@executable_path/Frameworks",
					"@loader_path/Frameworks",
				);
				PRODUCT_BUNDLE_IDENTIFIER = AandA.TilesUITests;
				PRODUCT_NAME = "$(TARGET_NAME)";
				TARGETED_DEVICE_FAMILY = "1,2";
				TEST_TARGET_NAME = Tiles;
			};
			name = Release;
		};
/* End XCBuildConfiguration section */

/* Begin XCConfigurationList section */
		E33A17BC21A7295B003CEA9B /* Build configuration list for PBXProject "Tiles" */ = {
			isa = XCConfigurationList;
			buildConfigurations = (
				E33A17EB21A7295E003CEA9B /* Debug */,
				E33A17EC21A7295E003CEA9B /* Release */,
			);
			defaultConfigurationIsVisible = 0;
			defaultConfigurationName = Release;
		};
		E33A17ED21A7295E003CEA9B /* Build configuration list for PBXNativeTarget "Tiles" */ = {
			isa = XCConfigurationList;
			buildConfigurations = (
				E33A17EE21A7295E003CEA9B /* Debug */,
				E33A17EF21A7295E003CEA9B /* Release */,
			);
			defaultConfigurationIsVisible = 0;
			defaultConfigurationName = Release;
		};
		E33A17F021A7295E003CEA9B /* Build configuration list for PBXNativeTarget "TilesTests" */ = {
			isa = XCConfigurationList;
			buildConfigurations = (
				E33A17F121A7295E003CEA9B /* Debug */,
				E33A17F221A7295E003CEA9B /* Release */,
			);
			defaultConfigurationIsVisible = 0;
			defaultConfigurationName = Release;
		};
		E33A17F321A7295E003CEA9B /* Build configuration list for PBXNativeTarget "TilesUITests" */ = {
			isa = XCConfigurationList;
			buildConfigurations = (
				E33A17F421A7295E003CEA9B /* Debug */,
				E33A17F521A7295E003CEA9B /* Release */,
			);
			defaultConfigurationIsVisible = 0;
			defaultConfigurationName = Release;
		};
/* End XCConfigurationList section */
	};
	rootObject = E33A17B921A7295B003CEA9B /* Project object */;
}
